# THIS IS AN AUTOGENERATED FILE. DO NOT EDIT THIS FILE DIRECTLY.
# yarn lockfile v1


"@faker-js/faker@^9.4.0":
  version "9.4.0"
  resolved "https://registry.yarnpkg.com/@faker-js/faker/-/faker-9.4.0.tgz#3e85604df3a318729436677565e9433d964276d2"
  integrity sha512-85+k0AxaZSTowL0gXp8zYWDIrWclTbRPg/pm/V0dSFZ6W6D4lhcG3uuZl4zLsEKfEvs69xDbLN2cHQudwp95JA==

"@playwright/test@^1.50.0":
  version "1.50.1"
  resolved "https://registry.yarnpkg.com/@playwright/test/-/test-1.50.1.tgz#027d00ca77ec79688764eb765cfe9a688807bf0b"
  integrity sha512-Jii3aBg+CEDpgnuDxEp/h7BimHcUTDlpEtce89xEumlJ5ef2hqepZ+PWp1DDpYC/VO9fmWVI1IlEaoI5fK9FXQ==
  dependencies:
    playwright "1.50.1"

"@types/node@^20":
  version "20.17.17"
  resolved "https://registry.yarnpkg.com/@types/node/-/node-20.17.17.tgz#5cea2af2e271313742c14f418eaf5dcfa8ae2e3a"
  integrity sha512-/WndGO4kIfMicEQLTi/mDANUu/iVUhT7KboZPdEqqHQ4aTS+3qT3U5gIqWDFV+XouorjfgGqvKILJeHhuQgFYg==
  dependencies:
    undici-types "~6.19.2"

"@types/prop-types@*":
  version "15.7.14"
  resolved "https://registry.yarnpkg.com/@types/prop-types/-/prop-types-15.7.14.tgz#1433419d73b2a7ebfc6918dcefd2ec0d5cd698f2"
  integrity sha512-gNMvNH49DJ7OJYv+KAKn0Xp45p8PLl6zo2YnvDIbTd4J6MER2BmWN49TG7n9LvkyihINxeKW8+3bfS2yDC9dzQ==

"@types/react-dom@^18":
  version "18.3.5"
  resolved "https://registry.yarnpkg.com/@types/react-dom/-/react-dom-18.3.5.tgz#45f9f87398c5dcea085b715c58ddcf1faf65f716"
  integrity sha512-P4t6saawp+b/dFrUr2cvkVsfvPguwsxtH6dNIYRllMsefqFzkZk5UIjzyDOv5g1dXIPdG4Sp1yCR4Z6RCUsG/Q==

"@types/react@^18":
  version "18.3.18"
  resolved "https://registry.yarnpkg.com/@types/react/-/react-18.3.18.tgz#9b382c4cd32e13e463f97df07c2ee3bbcd26904b"
  integrity sha512-t4yC+vtgnkYjNSKlFx1jkAhH8LgTo2N/7Qvi83kdEaUtMDiwpbLAktKDaAMlRcJ5eSxZkH74eEGt1ky31d7kfQ==
  dependencies:
    "@types/prop-types" "*"
    csstype "^3.0.2"

"@xstate/graph@^3.0.2":
  version "3.0.2"
  resolved "https://registry.yarnpkg.com/@xstate/graph/-/graph-3.0.2.tgz#1599bc1ab282b8c3e62d7ffc98042818bbd1361a"
  integrity sha512-UvexSqy8V3LgUa5amm9r/MzQtI/+wHrXAbOBtXKmhdLfMqyfs0N6SlM6R9u6T9AhsYA1U3W1OYARhgUPfXFn4A==

csstype@^3.0.2:
  version "3.1.3"
  resolved "https://registry.yarnpkg.com/csstype/-/csstype-3.1.3.tgz#d80ff294d114fb0e6ac500fbf85b60137d7eff81"
  integrity sha512-M1uQkMl8rQK/szD0LNhtqxIPLpimGm8sOBwU7lLnCpSbTyY3yeU1Vc7l4KT5zT4s/yOxHH5O7tIuuLOCnLADRw==

fsevents@2.3.2:
  version "2.3.2"
  resolved "https://registry.yarnpkg.com/fsevents/-/fsevents-2.3.2.tgz#8a526f78b8fdf4623b709e0b975c52c24c02fd1a"
  integrity sha512-xiqMQR4xAeHTuB9uWm+fFRcIOgKBMiOBP+eXiyT7jsgVCq1bkVygt00oASowB7EdtpOHaaPgKt812P9ab+DDKA==

playwright-core@1.50.1:
  version "1.50.1"
  resolved "https://registry.yarnpkg.com/playwright-core/-/playwright-core-1.50.1.tgz#6a0484f1f1c939168f40f0ab3828c4a1592c4504"
  integrity sha512-ra9fsNWayuYumt+NiM069M6OkcRb1FZSK8bgi66AtpFoWkg2+y0bJSNmkFrWhMbEBbVKC/EruAHH3g0zmtwGmQ==

playwright@1.50.1:
  version "1.50.1"
  resolved "https://registry.yarnpkg.com/playwright/-/playwright-1.50.1.tgz#2f93216511d65404f676395bfb97b41aa052b180"
  integrity sha512-G8rwsOQJ63XG6BbKj2w5rHeavFjy5zynBA9zsJMMtBoe/Uf757oG12NXz6e6OirF7RCrTVAKFXbLmn1RbL7Qaw==
  dependencies:
    playwright-core "1.50.1"
  optionalDependencies:
    fsevents "2.3.2"

typescript@^5:
  version "5.7.3"
  resolved "https://registry.yarnpkg.com/typescript/-/typescript-5.7.3.tgz#919b44a7dbb8583a9b856d162be24a54bf80073e"
  integrity sha512-84MVSjMEHP+FQRPy3pX9sTVV/INIex71s9TL2Gm5FG/WG1SqXeKyZ0k7/blY/4FdOzI12CBy1vGc4og/eus0fw==

undici-types@~6.19.2:
  version "6.19.8"
  resolved "https://registry.yarnpkg.com/undici-types/-/undici-types-6.19.8.tgz#35111c9d1437ab83a7cdc0abae2f26d88eda0a02"
  integrity sha512-ve2KP6f/JnbPBFyobGHuerC9g1FYGn/F8n1LWTwNxCEzd6IfqTwUQcNXgEtmmQ6DlRrC1hrSrBnCZPokRrDHjw==

xstate@^5.19.2:
  version "5.19.2"
  resolved "https://registry.yarnpkg.com/xstate/-/xstate-5.19.2.tgz#db3f1ee614bbb6a49ad3f0c96ddbf98562d456ba"
  integrity sha512-B8fL2aP0ogn5aviAXFzI5oZseAMqN00fg/TeDa3ZtatyDcViYLIfuQl4y8qmHCiKZgGEzmnTyNtNQL9oeJE2gw==
